
Microsoft Visual Studio Solution File, Format Version 12.00
# Visual Studio Version 17
VisualStudioVersion = 17.6.33723.286
MinimumVisualStudioVersion = 10.0.40219.1
Project("{FAE04EC0-301F-11D3-BF4B-00C04F79EFBC}") = "QU", "QU\QU.csproj", "{DEA75316-98B7-42CB-B283-21FA2DF7E325}"
EndProject
Global
	GlobalSection(SolutionConfigurationPlatforms) = preSolution
		Debug|Any CPU = Debug|Any CPU
		Release|Any CPU = Release|Any CPU
	EndGlobalSection
	GlobalSection(ProjectConfigurationPlatforms) = postSolution
		{DEA75316-98B7-42CB-B283-21FA2DF7E325}.Debug|Any CPU.ActiveCfg = Debug|Any CPU
		{DEA75316-98B7-42CB-B283-21FA2DF7E325}.Debug|Any CPU.Build.0 = Debug|Any CPU
		{DEA75316-98B7-42CB-B283-21FA2DF7E325}.Release|Any CPU.ActiveCfg = Release|Any CPU
		{DEA75316-98B7-42CB-B283-21FA2DF7E325}.Release|Any CPU.Build.0 = Release|Any CPU
	EndGlobalSection
	GlobalSection(SolutionProperties) = preSolution
		HideSolutionNode = FALSE
	EndGlobalSection
	GlobalSection(ExtensibilityGlobals) = postSolution
		SolutionGuid = {6A569D9B-324D-4C30-9AD9-4A598DBD4607}
	EndGlobalSection
EndGlobal
